
Microsoft Visual Studio Solution File, Format Version 12.00
# Visual Studio Version 16
VisualStudioVersion = 16.0.810.3
MinimumVisualStudioVersion = 10.0.40219.1
Project("{FAE04EC0-301F-11D3-BF4B-00C04F79EFBC}") = "WorkoutTracker", "WorkoutTracker\WorkoutTracker.csproj", "{8DC4FFD7-CA58-41FC-8071-E8A70F10758B}"
EndProject
Global
	GlobalSection(SolutionConfigurationPlatforms) = preSolution
		Debug|Any CPU = Debug|Any CPU
		Release|Any CPU = Release|Any CPU
	EndGlobalSection
	GlobalSection(ProjectConfigurationPlatforms) = postSolution
		{8DC4FFD7-CA58-41FC-8071-E8A70F10758B}.Debug|Any CPU.ActiveCfg = Debug|Any CPU
		{8DC4FFD7-CA58-41FC-8071-E8A70F10758B}.Debug|Any CPU.Build.0 = Debug|Any CPU
		{8DC4FFD7-CA58-41FC-8071-E8A70F10758B}.Release|Any CPU.ActiveCfg = Release|Any CPU
		{8DC4FFD7-CA58-41FC-8071-E8A70F10758B}.Release|Any CPU.Build.0 = Release|Any CPU
	EndGlobalSection
	GlobalSection(SolutionProperties) = preSolution
		HideSolutionNode = FALSE
	EndGlobalSection
	GlobalSection(ExtensibilityGlobals) = postSolution
		SolutionGuid = {94789EC6-CE8E-4AF1-82F4-2324EE164EB6}
	EndGlobalSection
EndGlobal
